#MicroXplorer Configuration settings - do not modify
ADC1.Channel-3\#ChannelRegularConversion=ADC_CHANNEL_14
ADC1.ContinuousConvMode=ENABLE
ADC1.EOCSelection=ADC_EOC_SEQ_CONV
ADC1.EnableAnalogWatchDog=true
ADC1.HighThreshold=1100
ADC1.IPParameters=Rank-3\#ChannelRegularConversion,master,Channel-3\#ChannelRegularConversion,SamplingTime-3\#ChannelRegularConversion,NbrOfConversionFlag,EnableAnalogWatchDog,WatchdogChannel,ITMode,HighThreshold,ContinuousConvMode,NbrOfConversion,EOCSelection,Resolution,InjNumberOfConversion
ADC1.ITMode=ENABLE
ADC1.InjNumberOfConversion=0
ADC1.NbrOfConversion=1
ADC1.NbrOfConversionFlag=1
ADC1.Rank-3\#ChannelRegularConversion=1
ADC1.Resolution=ADC_RESOLUTION_12B
ADC1.SamplingTime-3\#ChannelRegularConversion=ADC_SAMPLETIME_480CYCLES
ADC1.WatchdogChannel=ADC_CHANNEL_14
ADC1.master=1
Dma.Request0=SPI3_TX
Dma.Request1=TIM4_CH2
Dma.RequestsNb=2
Dma.SPI3_TX.0.Direction=DMA_MEMORY_TO_PERIPH
Dma.SPI3_TX.0.FIFOMode=DMA_FIFOMODE_ENABLE
Dma.SPI3_TX.0.FIFOThreshold=DMA_FIFO_THRESHOLD_FULL
Dma.SPI3_TX.0.Instance=DMA1_Stream5
Dma.SPI3_TX.0.MemBurst=DMA_MBURST_SINGLE
Dma.SPI3_TX.0.MemDataAlignment=DMA_MDATAALIGN_HALFWORD
Dma.SPI3_TX.0.MemInc=DMA_MINC_ENABLE
Dma.SPI3_TX.0.Mode=DMA_NORMAL
Dma.SPI3_TX.0.PeriphBurst=DMA_PBURST_SINGLE
Dma.SPI3_TX.0.PeriphDataAlignment=DMA_PDATAALIGN_HALFWORD
Dma.SPI3_TX.0.PeriphInc=DMA_PINC_DISABLE
Dma.SPI3_TX.0.Priority=DMA_PRIORITY_LOW
Dma.SPI3_TX.0.RequestParameters=Instance,Direction,PeriphInc,MemInc,PeriphDataAlignment,MemDataAlignment,Mode,Priority,FIFOMode,FIFOThreshold,MemBurst,PeriphBurst
Dma.TIM4_CH2.1.Direction=DMA_MEMORY_TO_PERIPH
Dma.TIM4_CH2.1.FIFOMode=DMA_FIFOMODE_DISABLE
Dma.TIM4_CH2.1.Instance=DMA1_Stream3
Dma.TIM4_CH2.1.MemDataAlignment=DMA_MDATAALIGN_HALFWORD
Dma.TIM4_CH2.1.MemInc=DMA_MINC_ENABLE
Dma.TIM4_CH2.1.Mode=DMA_CIRCULAR
Dma.TIM4_CH2.1.PeriphDataAlignment=DMA_PDATAALIGN_HALFWORD
Dma.TIM4_CH2.1.PeriphInc=DMA_PINC_DISABLE
Dma.TIM4_CH2.1.Priority=DMA_PRIORITY_LOW
Dma.TIM4_CH2.1.RequestParameters=Instance,Direction,PeriphInc,MemInc,PeriphDataAlignment,MemDataAlignment,Mode,Priority,FIFOMode
File.Version=6
GPIO.groupedBy=Group By Peripherals
I2S3.ErrorAudioFreq=-0.27 %
I2S3.FullDuplexMode=I2S_FULLDUPLEXMODE_DISABLE
I2S3.IPParameters=Instance,VirtualMode,FullDuplexMode,RealAudioFreq,ErrorAudioFreq
I2S3.Instance=SPI$Index
I2S3.RealAudioFreq=7.978 KHz
I2S3.VirtualMode=I2S_MODE_MASTER
KeepUserPlacement=false
Mcu.CPN=STM32F411VET6
Mcu.Family=STM32F4
Mcu.IP0=ADC1
Mcu.IP1=DMA
Mcu.IP10=USART2
Mcu.IP2=I2C1
Mcu.IP3=I2S3
Mcu.IP4=NVIC
Mcu.IP5=RCC
Mcu.IP6=SPI2
Mcu.IP7=TIM2
Mcu.IP8=TIM3
Mcu.IP9=TIM4
Mcu.IPNb=11
Mcu.Name=STM32F411V(C-E)Tx
Mcu.Package=LQFP100
Mcu.Pin0=PE4
Mcu.Pin1=PC2
Mcu.Pin10=PD13
Mcu.Pin11=PD14
Mcu.Pin12=PD15
Mcu.Pin13=PC7
Mcu.Pin14=PC12
Mcu.Pin15=PD4
Mcu.Pin16=PB6
Mcu.Pin17=PB7
Mcu.Pin18=PB9
Mcu.Pin19=VP_TIM2_VS_ClockSourceINT
Mcu.Pin2=PA0-WKUP
Mcu.Pin20=VP_TIM2_VS_no_output1
Mcu.Pin21=VP_TIM3_VS_ControllerModeClock
Mcu.Pin22=VP_TIM3_VS_ClockSourceITR
Mcu.Pin23=VP_TIM3_VS_no_output1
Mcu.Pin24=VP_TIM4_VS_ClockSourceINT
Mcu.Pin3=PA2
Mcu.Pin4=PA3
Mcu.Pin5=PA4
Mcu.Pin6=PC4
Mcu.Pin7=PB10
Mcu.Pin8=PB12
Mcu.Pin9=PD12
Mcu.PinsNb=25
Mcu.ThirdPartyNb=0
Mcu.UserConstants=
Mcu.UserName=STM32F411VETx
MxCube.Version=6.6.1
MxDb.Version=DB.6.0.60
NVIC.ADC_IRQn=true\:0\:0\:false\:false\:true\:true\:true\:true
NVIC.BusFault_IRQn=true\:0\:0\:false\:false\:true\:false\:false\:false
NVIC.DMA1_Stream3_IRQn=true\:0\:0\:false\:false\:true\:false\:true\:true
NVIC.DMA1_Stream5_IRQn=true\:0\:0\:false\:false\:true\:false\:true\:true
NVIC.DebugMonitor_IRQn=true\:0\:0\:false\:false\:true\:false\:false\:false
NVIC.EXTI0_IRQn=true\:0\:0\:false\:false\:true\:true\:true\:true
NVIC.EXTI4_IRQn=true\:0\:0\:false\:false\:true\:true\:true\:true
NVIC.ForceEnableDMAVector=true
NVIC.HardFault_IRQn=true\:0\:0\:false\:false\:true\:false\:false\:false
NVIC.MemoryManagement_IRQn=true\:0\:0\:false\:false\:true\:false\:false\:false
NVIC.NonMaskableInt_IRQn=true\:0\:0\:false\:false\:true\:false\:false\:false
NVIC.PendSV_IRQn=true\:0\:0\:false\:false\:true\:false\:false\:false
NVIC.PriorityGroup=NVIC_PRIORITYGROUP_4
NVIC.SVCall_IRQn=true\:0\:0\:false\:false\:true\:false\:false\:false
NVIC.SysTick_IRQn=true\:15\:0\:false\:false\:true\:false\:true\:false
NVIC.TIM2_IRQn=true\:0\:0\:false\:false\:true\:true\:true\:true
NVIC.TIM3_IRQn=true\:0\:0\:false\:false\:true\:true\:true\:true
NVIC.TIM4_IRQn=true\:0\:0\:false\:false\:true\:true\:true\:true
NVIC.UsageFault_IRQn=true\:0\:0\:false\:false\:true\:false\:false\:false
PA0-WKUP.GPIOParameters=GPIO_Label,GPIO_ModeDefaultEXTI
PA0-WKUP.GPIO_Label=GPIO_USER_BUTTON
PA0-WKUP.GPIO_ModeDefaultEXTI=GPIO_MODE_IT_RISING_FALLING
PA0-WKUP.Locked=true
PA0-WKUP.Signal=GPXTI0
PA2.Mode=Asynchronous
PA2.Signal=USART2_TX
PA3.Mode=Asynchronous
PA3.Signal=USART2_RX
PA4.Mode=Half_Duplex_Master
PA4.Signal=I2S3_WS
PB10.Mode=Simplex_Bidirectional_Slave
PB10.Signal=SPI2_SCK
PB12.Mode=Half_Duplex_Master
PB12.Signal=I2S3_CK
PB6.Locked=true
PB6.Mode=I2C
PB6.Signal=I2C1_SCL
PB7.Locked=true
PB7.Signal=S_TIM4_CH2
PB9.Locked=true
PB9.Mode=I2C
PB9.Signal=I2C1_SDA
PC12.Mode=Half_Duplex_Master
PC12.Signal=I2S3_SD
PC2.Mode=Simplex_Bidirectional_Slave
PC2.Signal=SPI2_MISO
PC4.GPIOParameters=GPIO_PuPd,GPIO_Mode
PC4.GPIO_Mode=GPIO_MODE_ANALOG
PC4.GPIO_PuPd=GPIO_NOPULL
PC4.Locked=true
PC4.Signal=ADCx_IN14
PC7.Locked=true
PC7.Mode=Master_Clock_Activated
PC7.Signal=I2S3_MCK
PD12.Locked=true
PD12.Signal=GPIO_Output
PD13.Locked=true
PD13.Signal=GPIO_Output
PD14.Locked=true
PD14.Signal=GPIO_Output
PD15.Locked=true
PD15.Signal=GPIO_Output
PD4.Locked=true
PD4.Mode=RTS_Only
PD4.Signal=USART2_RTS
PE4.Locked=true
PE4.Signal=GPXTI4
PinOutPanel.RotationAngle=0
ProjectManager.AskForMigrate=true
ProjectManager.BackupPrevious=false
ProjectManager.CompilerOptimize=6
ProjectManager.ComputerToolchain=false
ProjectManager.CoupleFile=true
ProjectManager.CustomerFirmwarePackage=
ProjectManager.DefaultFWLocation=true
ProjectManager.DeletePrevious=false
ProjectManager.DeviceId=STM32F411VETx
ProjectManager.FirmwarePackage=STM32Cube FW_F4 V1.27.1
ProjectManager.FreePins=false
ProjectManager.HalAssertFull=false
ProjectManager.HeapSize=0x200
ProjectManager.KeepUserCode=true
ProjectManager.LastFirmware=true
ProjectManager.LibraryCopy=1
ProjectManager.MainLocation=Core/Src
ProjectManager.NoMain=false
ProjectManager.PreviousToolchain=
ProjectManager.ProjectBuild=false
ProjectManager.ProjectFileName=Paradiddlepadled.ioc
ProjectManager.ProjectName=Paradiddlepadled
ProjectManager.RegisterCallBack=
ProjectManager.StackSize=0x400
ProjectManager.TargetToolchain=STM32CubeIDE
ProjectManager.ToolChainLocation=
ProjectManager.UnderRoot=true
ProjectManager.functionlistsort=1-SystemClock_Config-RCC-false-HAL-false,2-MX_GPIO_Init-GPIO-false-HAL-true,3-MX_DMA_Init-DMA-false-HAL-true,4-MX_USART2_UART_Init-USART2-false-HAL-true,5-MX_TIM2_Init-TIM2-false-HAL-true,6-MX_TIM3_Init-TIM3-false-HAL-true,7-MX_ADC1_Init-ADC1-false-HAL-true,8-MX_SPI2_Init-SPI2-false-HAL-true,9-MX_I2S3_Init-I2S3-false-HAL-true,10-MX_I2C1_Init-I2C1-false-HAL-true,11-MX_TIM4_Init-TIM4-false-HAL-true
RCC.48MHZClocksFreq_Value=32000000
RCC.AHBCLKDivider=RCC_SYSCLK_DIV2
RCC.AHBFreq_Value=32000000
RCC.APB1Freq_Value=32000000
RCC.APB1TimFreq_Value=32000000
RCC.APB2Freq_Value=32000000
RCC.APB2TimFreq_Value=32000000
RCC.CortexFreq_Value=32000000
RCC.EthernetFreq_Value=64000000
RCC.FCLKCortexFreq_Value=32000000
RCC.FamilyName=M
RCC.HCLKFreq_Value=32000000
RCC.HSE_VALUE=25000000
RCC.HSI_VALUE=16000000
RCC.I2SClocksFreq_Value=96000000
RCC.IPParameters=48MHZClocksFreq_Value,AHBCLKDivider,AHBFreq_Value,APB1Freq_Value,APB1TimFreq_Value,APB2Freq_Value,APB2TimFreq_Value,CortexFreq_Value,EthernetFreq_Value,FCLKCortexFreq_Value,FamilyName,HCLKFreq_Value,HSE_VALUE,HSI_VALUE,I2SClocksFreq_Value,LSE_VALUE,LSI_VALUE,MCO2PinFreq_Value,PLLCLKFreq_Value,PLLM,PLLN,PLLQCLKFreq_Value,RTCFreq_Value,RTCHSEDivFreq_Value,SYSCLKFreq_VALUE,SYSCLKSource,VCOI2SOutputFreq_Value,VCOInputFreq_Value,VCOInputMFreq_Value,VCOOutputFreq_Value,VcooutputI2S
RCC.LSE_VALUE=32768
RCC.LSI_VALUE=32000
RCC.MCO2PinFreq_Value=64000000
RCC.PLLCLKFreq_Value=64000000
RCC.PLLM=8
RCC.PLLN=64
RCC.PLLQCLKFreq_Value=32000000
RCC.RTCFreq_Value=32000
RCC.RTCHSEDivFreq_Value=12500000
RCC.SYSCLKFreq_VALUE=64000000
RCC.SYSCLKSource=RCC_SYSCLKSOURCE_PLLCLK
RCC.VCOI2SOutputFreq_Value=192000000
RCC.VCOInputFreq_Value=2000000
RCC.VCOInputMFreq_Value=1000000
RCC.VCOOutputFreq_Value=128000000
RCC.VcooutputI2S=96000000
SH.ADCx_IN14.0=ADC1_IN14,IN14
SH.ADCx_IN14.ConfNb=1
SH.GPXTI0.0=GPIO_EXTI0
SH.GPXTI0.ConfNb=1
SH.GPXTI4.0=GPIO_EXTI4
SH.GPXTI4.ConfNb=1
SH.S_TIM4_CH2.0=TIM4_CH2,PWM Generation2 CH2
SH.S_TIM4_CH2.ConfNb=1
SPI2.Direction=SPI_DIRECTION_1LINE
SPI2.IPParameters=VirtualType,Mode,Direction
SPI2.Mode=SPI_MODE_SLAVE
SPI2.VirtualType=VM_SLAVE
TIM2.Channel-PWM\ Generation1\ No\ Output=TIM_CHANNEL_1
TIM2.CounterMode=TIM_COUNTERMODE_UP
TIM2.IPParameters=Prescaler,Period,CounterMode,Channel-PWM Generation1 No Output,Pulse-PWM Generation1 No Output,TIM_MasterOutputTrigger
TIM2.Period=16000000
TIM2.Prescaler=0
TIM2.Pulse-PWM\ Generation1\ No\ Output=4000000
TIM2.TIM_MasterOutputTrigger=TIM_TRGO_OC1REF
TIM3.Channel-PWM\ Generation1\ No\ Output=TIM_CHANNEL_1
TIM3.IPParameters=Channel-PWM Generation1 No Output,Pulse-PWM Generation1 No Output,Period
TIM3.Period=3
TIM3.Pulse-PWM\ Generation1\ No\ Output=1
TIM4.Channel-PWM\ Generation2\ CH2=TIM_CHANNEL_2
TIM4.IPParameters=Channel-PWM Generation2 CH2,Period
TIM4.Period=40
USART2.IPParameters=VirtualMode
USART2.VirtualMode=VM_ASYNC
VP_TIM2_VS_ClockSourceINT.Mode=Internal
VP_TIM2_VS_ClockSourceINT.Signal=TIM2_VS_ClockSourceINT
VP_TIM2_VS_no_output1.Mode=PWM Generation1 No Output
VP_TIM2_VS_no_output1.Signal=TIM2_VS_no_output1
VP_TIM3_VS_ClockSourceITR.Mode=TriggerSource_ITR1
VP_TIM3_VS_ClockSourceITR.Signal=TIM3_VS_ClockSourceITR
VP_TIM3_VS_ControllerModeClock.Mode=Clock Mode
VP_TIM3_VS_ControllerModeClock.Signal=TIM3_VS_ControllerModeClock
VP_TIM3_VS_no_output1.Mode=PWM Generation1 No Output
VP_TIM3_VS_no_output1.Signal=TIM3_VS_no_output1
VP_TIM4_VS_ClockSourceINT.Mode=Internal
VP_TIM4_VS_ClockSourceINT.Signal=TIM4_VS_ClockSourceINT
board=custom
isbadioc=false
